
Microsoft Visual Studio Solution File, Format Version 12.00
# Visual Studio Version 16
VisualStudioVersion = 25.0.1704.0
MinimumVisualStudioVersion = 10.0.40219.1
Project("{FAE04EC0-301F-11D3-BF4B-00C04F79EFBC}") = "DataBaseWorkshop16", "DataBaseWorkshop16\DataBaseWorkshop16.csproj", "{FDCA928B-46F3-46F7-BBA1-FA3A5A4485E4}"
EndProject
Global
	GlobalSection(SolutionConfigurationPlatforms) = preSolution
		Debug|Any CPU = Debug|Any CPU
		Release|Any CPU = Release|Any CPU
	EndGlobalSection
	GlobalSection(ProjectConfigurationPlatforms) = postSolution
		{FDCA928B-46F3-46F7-BBA1-FA3A5A4485E4}.Debug|Any CPU.ActiveCfg = Debug|Any CPU
		{FDCA928B-46F3-46F7-BBA1-FA3A5A4485E4}.Debug|Any CPU.Build.0 = Debug|Any CPU
		{FDCA928B-46F3-46F7-BBA1-FA3A5A4485E4}.Release|Any CPU.ActiveCfg = Release|Any CPU
		{FDCA928B-46F3-46F7-BBA1-FA3A5A4485E4}.Release|Any CPU.Build.0 = Release|Any CPU
	EndGlobalSection
	GlobalSection(SolutionProperties) = preSolution
		HideSolutionNode = FALSE
	EndGlobalSection
	GlobalSection(ExtensibilityGlobals) = postSolution
		SolutionGuid = {22591D63-C407-47B7-AD87-031AC6A57B9A}
	EndGlobalSection
EndGlobal
